
Microsoft Visual Studio Solution File, Format Version 12.00
# Visual Studio Version 17
VisualStudioVersion = 17.6.33723.286
MinimumVisualStudioVersion = 10.0.40219.1
Project("{FAE04EC0-301F-11D3-BF4B-00C04F79EFBC}") = "WinFormsApp20", "WinFormsApp20\WinFormsApp20.csproj", "{02CBC5FE-C95A-4799-A5FD-E72F9F4D592A}"
EndProject
Global
	GlobalSection(SolutionConfigurationPlatforms) = preSolution
		Debug|Any CPU = Debug|Any CPU
		Release|Any CPU = Release|Any CPU
	EndGlobalSection
	GlobalSection(ProjectConfigurationPlatforms) = postSolution
		{02CBC5FE-C95A-4799-A5FD-E72F9F4D592A}.Debug|Any CPU.ActiveCfg = Debug|Any CPU
		{02CBC5FE-C95A-4799-A5FD-E72F9F4D592A}.Debug|Any CPU.Build.0 = Debug|Any CPU
		{02CBC5FE-C95A-4799-A5FD-E72F9F4D592A}.Release|Any CPU.ActiveCfg = Release|Any CPU
		{02CBC5FE-C95A-4799-A5FD-E72F9F4D592A}.Release|Any CPU.Build.0 = Release|Any CPU
	EndGlobalSection
	GlobalSection(SolutionProperties) = preSolution
		HideSolutionNode = FALSE
	EndGlobalSection
	GlobalSection(ExtensibilityGlobals) = postSolution
		SolutionGuid = {D454682A-E184-4972-94DE-6327F2CE762E}
	EndGlobalSection
EndGlobal
